
Microsoft Visual Studio Solution File, Format Version 12.00
# Visual Studio Version 17
VisualStudioVersion = 17.3.32825.248
MinimumVisualStudioVersion = 10.0.40219.1
Project("{8BC9CEB8-8B4A-11D0-8D11-00A0C91BC942}") = "TestFiles", "TestFiles\TestFiles.vcxproj", "{7D8247AE-B38A-4350-B4B8-D2A17A9BFECA}"
EndProject
Project("{8BC9CEB8-8B4A-11D0-8D11-00A0C91BC942}") = "Testing", "Testing\Testing.vcxproj", "{7B0AF29F-49AD-45EC-89A7-AD29A34D162F}"
EndProject
Global
	GlobalSection(SolutionConfigurationPlatforms) = preSolution
		Debug|x64 = Debug|x64
		Debug|x86 = Debug|x86
		Release|x64 = Release|x64
		Release|x86 = Release|x86
	EndGlobalSection
	GlobalSection(ProjectConfigurationPlatforms) = postSolution
		{7D8247AE-B38A-4350-B4B8-D2A17A9BFECA}.Debug|x64.ActiveCfg = Debug|x64
		{7D8247AE-B38A-4350-B4B8-D2A17A9BFECA}.Debug|x64.Build.0 = Debug|x64
		{7D8247AE-B38A-4350-B4B8-D2A17A9BFECA}.Debug|x86.ActiveCfg = Debug|Win32
		{7D8247AE-B38A-4350-B4B8-D2A17A9BFECA}.Release|x64.ActiveCfg = Release|x64
		{7D8247AE-B38A-4350-B4B8-D2A17A9BFECA}.Release|x64.Build.0 = Release|x64
		{7D8247AE-B38A-4350-B4B8-D2A17A9BFECA}.Release|x86.ActiveCfg = Release|Win32
		{7D8247AE-B38A-4350-B4B8-D2A17A9BFECA}.Release|x86.Build.0 = Release|Win32
		{7B0AF29F-49AD-45EC-89A7-AD29A34D162F}.Debug|x64.ActiveCfg = Debug|x64
		{7B0AF29F-49AD-45EC-89A7-AD29A34D162F}.Debug|x64.Build.0 = Debug|x64
		{7B0AF29F-49AD-45EC-89A7-AD29A34D162F}.Debug|x86.ActiveCfg = Debug|Win32
		{7B0AF29F-49AD-45EC-89A7-AD29A34D162F}.Debug|x86.Build.0 = Debug|Win32
		{7B0AF29F-49AD-45EC-89A7-AD29A34D162F}.Release|x64.ActiveCfg = Release|x64
		{7B0AF29F-49AD-45EC-89A7-AD29A34D162F}.Release|x64.Build.0 = Release|x64
		{7B0AF29F-49AD-45EC-89A7-AD29A34D162F}.Release|x86.ActiveCfg = Release|Win32
		{7B0AF29F-49AD-45EC-89A7-AD29A34D162F}.Release|x86.Build.0 = Release|Win32
	EndGlobalSection
	GlobalSection(SolutionProperties) = preSolution
		HideSolutionNode = FALSE
	EndGlobalSection
	GlobalSection(ExtensibilityGlobals) = postSolution
		SolutionGuid = {FFA370B4-8488-487B-ADAE-87CD248694CC}
	EndGlobalSection
EndGlobal
